<?xml version="1.0" encoding="utf-8"?>
<Project ToolsVersion="4.0" xmlns="http://schemas.microsoft.com/developer/msbuild/2003">
  <ItemGroup>
    <Filter Include="sl">
      <UniqueIdentifier>{5e5eb3a6-2b79-4525-b803-7fc3323c911b}</UniqueIdentifier>
    </Filter>
    <Filter Include="sl\Window">
      <UniqueIdentifier>{611b65c9-3d26-42c0-b037-9255912861b8}</UniqueIdentifier>
    </Filter>
    <Filter Include="sl\GraphicsDevice">
      <UniqueIdentifier>{b47122eb-b21a-4e6e-aa03-9971e186aaf8}</UniqueIdentifier>
    </Filter>
    <Filter Include="sl\Common">
      <UniqueIdentifier>{7177cc4d-36d7-46d8-a145-6912bbd9765b}</UniqueIdentifier>
    </Filter>
    <Filter Include="sl\Input">
      <UniqueIdentifier>{851a3e94-a49f-4858-854b-553a72a7fc27}</UniqueIdentifier>
    </Filter>
    <Filter Include="sl\Debug">
      <UniqueIdentifier>{e0f6701b-27e9-4777-8cbd-a6b836eb63c4}</UniqueIdentifier>
    </Filter>
    <Filter Include="sl\Struct">
      <UniqueIdentifier>{5c0b49e2-92d8-4bb5-aacd-254a9d8ebda3}</UniqueIdentifier>
    </Filter>
    <Filter Include="sl\Window\dx11Window">
      <UniqueIdentifier>{b4624bb7-bc2c-44c8-84d5-2910a2672055}</UniqueIdentifier>
    </Filter>
    <Filter Include="sl\GraphicsDevice\dx11GraphicsDevice">
      <UniqueIdentifier>{0aac03c9-669f-40dd-8912-4315f7b78c2b}</UniqueIdentifier>
    </Filter>
    <Filter Include="sl\Shader">
      <UniqueIdentifier>{82f69bc8-dfcb-45fe-b194-3f277d8c2fd2}</UniqueIdentifier>
    </Filter>
    <Filter Include="sl\Shader\dx11ShaderManager">
      <UniqueIdentifier>{6c567279-36b1-4483-8c5c-67baa6ea651d}</UniqueIdentifier>
    </Filter>
  </ItemGroup>
  <ItemGroup>
    <ClInclude Include="sl\Common\slDefine.h">
      <Filter>sl\Common</Filter>
    </ClInclude>
    <ClInclude Include="sl\Common\slTypes.h">
      <Filter>sl\Common</Filter>
    </ClInclude>
    <ClInclude Include="sl\sl.h">
      <Filter>sl</Filter>
    </ClInclude>
    <ClInclude Include="sl\slBuild.h">
      <Filter>sl</Filter>
    </ClInclude>
    <ClInclude Include="sl\Window\dx11Window\dx11Window.h">
      <Filter>sl\Window\dx11Window</Filter>
    </ClInclude>
    <ClInclude Include="sl\Window\slIWindow.h">
      <Filter>sl\Window</Filter>
    </ClInclude>
    <ClInclude Include="sl\Graphics\dx11GraphicsDevice\dx11GraphicsDevice.h">
      <Filter>sl\GraphicsDevice\dx11GraphicsDevice</Filter>
    </ClInclude>
    <ClInclude Include="sl\Common\slTemplate.h">
      <Filter>sl\Common</Filter>
    </ClInclude>
    <ClInclude Include="sl\Shader\dx11ShaderManager\dx11ShaderManager.h">
      <Filter>sl\Shader\dx11ShaderManager</Filter>
    </ClInclude>
  </ItemGroup>
  <ItemGroup>
    <ClCompile Include="sl\Window\dx11Window\dx11Window.cpp">
      <Filter>sl\Window\dx11Window</Filter>
    </ClCompile>
    <ClCompile Include="sl\Graphics\dx11GraphicsDevice\dx11GraphicsDevice.cpp">
      <Filter>sl\GraphicsDevice\dx11GraphicsDevice</Filter>
    </ClCompile>
    <ClCompile Include="sl\Shader\dx11ShaderManager\dx11ShaderManager.cpp">
      <Filter>sl\Shader\dx11ShaderManager</Filter>
    </ClCompile>
  </ItemGroup>
</Project>