<?xml version="1.0" encoding="utf-8"?>
<Project ToolsVersion="4.0" xmlns="http://schemas.microsoft.com/developer/msbuild/2003">
  <ItemGroup>
    <Filter Include="sl">
      <UniqueIdentifier>{5e5eb3a6-2b79-4525-b803-7fc3323c911b}</UniqueIdentifier>
    </Filter>
    <Filter Include="sl\Library">
      <UniqueIdentifier>{b4a07008-3815-4c71-8bd7-668c56c031d3}</UniqueIdentifier>
    </Filter>
    <Filter Include="sl\Library\Singleton">
      <UniqueIdentifier>{70862028-3381-4df2-9e0d-409fb2b91075}</UniqueIdentifier>
    </Filter>
    <Filter Include="sl\Library\Singleton\CreationPolicy">
      <UniqueIdentifier>{75cd080e-3600-4a44-8ff2-153b6e049a8a}</UniqueIdentifier>
    </Filter>
    <Filter Include="sl\Library\Singleton\LifeTimePolicy">
      <UniqueIdentifier>{d59c32d4-5682-454a-a30b-90bd0e9f8f3c}</UniqueIdentifier>
    </Filter>
    <Filter Include="sl\Library\Window">
      <UniqueIdentifier>{46171831-fd15-4e0c-9c6b-f49f035f80ff}</UniqueIdentifier>
    </Filter>
    <Filter Include="sl\Library\Window\IWindow">
      <UniqueIdentifier>{fd9c2b95-7320-4876-8dac-9a99927b4515}</UniqueIdentifier>
    </Filter>
    <Filter Include="sl\Library\Window\IWindow\DXWindow">
      <UniqueIdentifier>{7f9033dc-3a30-4912-97a3-50bddd8d4e31}</UniqueIdentifier>
    </Filter>
    <Filter Include="sl\Library\SmartPointer">
      <UniqueIdentifier>{08cb99e7-b02d-4f2e-a337-921900b301f2}</UniqueIdentifier>
    </Filter>
    <Filter Include="sl\Library\SmartPointer\UniquePtr">
      <UniqueIdentifier>{3a4826ba-8ba4-4284-ace2-817fc33a622e}</UniqueIdentifier>
    </Filter>
    <Filter Include="sl\Library\SmartPointer\SharedPtr">
      <UniqueIdentifier>{6203edbc-ee31-467e-ae97-ce1891198db6}</UniqueIdentifier>
    </Filter>
    <Filter Include="sl\Library\SmartPointer\WeakPtr">
      <UniqueIdentifier>{b4c79877-dbfc-4301-8763-1c81c32ec133}</UniqueIdentifier>
    </Filter>
    <Filter Include="sl\Library\EntryPoint">
      <UniqueIdentifier>{5e3c97ae-8196-4e40-8672-01d15716a326}</UniqueIdentifier>
    </Filter>
    <Filter Include="sl\Library\SmartPointer\Deleter">
      <UniqueIdentifier>{1cc8c84d-0db6-493e-a017-7fdb31a2d684}</UniqueIdentifier>
    </Filter>
    <Filter Include="sl\Library\Utility">
      <UniqueIdentifier>{93e6bb51-ae13-4a8e-ba15-f9e4c45f605c}</UniqueIdentifier>
    </Filter>
    <Filter Include="sl\Library\SmartPointer\PtrBase">
      <UniqueIdentifier>{cd13a96c-5a08-4cca-9360-4d89dbed3767}</UniqueIdentifier>
    </Filter>
    <Filter Include="sl\Library\SmartPointer\PtrSharedInfo">
      <UniqueIdentifier>{4c7432e3-3ed0-416e-a8d6-85059a5502c7}</UniqueIdentifier>
    </Filter>
  </ItemGroup>
  <ItemGroup>
    <ClInclude Include="sl\sl.h">
      <Filter>sl</Filter>
    </ClInclude>
    <ClInclude Include="sl\slBuild.h">
      <Filter>sl</Filter>
    </ClInclude>
    <ClInclude Include="sl\Library\Singleton\slBasicSingleton.h">
      <Filter>sl\Library\Singleton</Filter>
    </ClInclude>
    <ClInclude Include="sl\Library\Singleton\LifeTimePolicy\slDefaultLifeTime.h">
      <Filter>sl\Library\Singleton\LifeTimePolicy</Filter>
    </ClInclude>
    <ClInclude Include="sl\Library\Singleton\slUserManualSingleton.h">
      <Filter>sl\Library\Singleton</Filter>
    </ClInclude>
    <ClInclude Include="sl\Library\Singleton\CreationPolicy\slStaticCreation.h">
      <Filter>sl\Library\Singleton\CreationPolicy</Filter>
    </ClInclude>
    <ClInclude Include="sl\Library\Singleton\CreationPolicy\slUsingNewCreation.h">
      <Filter>sl\Library\Singleton\CreationPolicy</Filter>
    </ClInclude>
    <ClInclude Include="sl\Library\Singleton\LifeTimePolicy\slPhoenixSingleton.h">
      <Filter>sl\Library\Singleton\LifeTimePolicy</Filter>
    </ClInclude>
    <ClInclude Include="sl\Library\Window\slWindowDeclaration.h">
      <Filter>sl\Library\Window</Filter>
    </ClInclude>
    <ClInclude Include="sl\Library\Window\IWindow\DXWindow\slDXWindow.h">
      <Filter>sl\Library\Window\IWindow\DXWindow</Filter>
    </ClInclude>
    <ClInclude Include="sl\Library\Window\IWindow\slIWindow.h">
      <Filter>sl\Library\Window\IWindow</Filter>
    </ClInclude>
    <ClInclude Include="sl\Library\Window\IWindow\DXWindow\slCreateDXWindowFunc.h">
      <Filter>sl\Library\Window\IWindow\DXWindow</Filter>
    </ClInclude>
    <ClInclude Include="sl\Library\Window\IWindow\slCreateIWindowFunc.h">
      <Filter>sl\Library\Window\IWindow</Filter>
    </ClInclude>
    <ClInclude Include="sl\Library\Window\slWindow.h">
      <Filter>sl\Library\Window</Filter>
    </ClInclude>
    <ClInclude Include="sl\Library\SmartPointer\slSmartPointer.h">
      <Filter>sl\Library\SmartPointer</Filter>
    </ClInclude>
    <ClInclude Include="sl\Library\SmartPointer\UniquePtr\slUniquePtr.h">
      <Filter>sl\Library\SmartPointer\UniquePtr</Filter>
    </ClInclude>
    <ClInclude Include="sl\Library\SmartPointer\SharedPtr\slSharedPtr.h">
      <Filter>sl\Library\SmartPointer\SharedPtr</Filter>
    </ClInclude>
    <ClInclude Include="sl\Library\SmartPointer\WeakPtr\slWeakPtr.h">
      <Filter>sl\Library\SmartPointer\WeakPtr</Filter>
    </ClInclude>
    <ClInclude Include="sl\Library\EntryPoint\slEntryPoint.h">
      <Filter>sl\Library\EntryPoint</Filter>
    </ClInclude>
    <ClInclude Include="sl\Library\SmartPointer\Deleter\slDeleter.h">
      <Filter>sl\Library\SmartPointer\Deleter</Filter>
    </ClInclude>
    <ClInclude Include="sl\Library\Utility\slDefine.h">
      <Filter>sl\Library\Utility</Filter>
    </ClInclude>
    <ClInclude Include="sl\Library\Utility\slRect.h">
      <Filter>sl\Library\Utility</Filter>
    </ClInclude>
    <ClInclude Include="sl\Library\Utility\slTypes.h">
      <Filter>sl\Library\Utility</Filter>
    </ClInclude>
    <ClInclude Include="sl\Library\Utility\slUtility.h">
      <Filter>sl\Library\Utility</Filter>
    </ClInclude>
    <ClInclude Include="sl\Library\Utility\slCompressedPair.h">
      <Filter>sl\Library\Utility</Filter>
    </ClInclude>
    <ClInclude Include="sl\Library\Utility\slTemplateFunction.h">
      <Filter>sl\Library\Utility</Filter>
    </ClInclude>
    <ClInclude Include="sl\Library\Utility\slTypeTraits.h">
      <Filter>sl\Library\Utility</Filter>
    </ClInclude>
    <ClInclude Include="sl\Library\SmartPointer\PtrBase\slPtrBase.h">
      <Filter>sl\Library\SmartPointer\PtrBase</Filter>
    </ClInclude>
    <ClInclude Include="sl\Library\SmartPointer\PtrSharedInfo\PtrSharedInfo.h">
      <Filter>sl\Library\SmartPointer\PtrSharedInfo</Filter>
    </ClInclude>
    <ClInclude Include="sl\Library\SmartPointer\PtrSharedInfo\PtrSharedInfoBase.h">
      <Filter>sl\Library\SmartPointer\PtrSharedInfo</Filter>
    </ClInclude>
  </ItemGroup>
  <ItemGroup>
    <ClCompile Include="sl\Library\Window\IWindow\DXWindow\slDXWindow.cpp">
      <Filter>sl\Library\Window\IWindow\DXWindow</Filter>
    </ClCompile>
    <ClCompile Include="sl\Library\Window\IWindow\DXWindow\slCreateDXWindowFunc.cpp">
      <Filter>sl\Library\Window\IWindow\DXWindow</Filter>
    </ClCompile>
    <ClCompile Include="sl\Library\Window\IWindow\slCreateIWindowFunc.cpp">
      <Filter>sl\Library\Window\IWindow</Filter>
    </ClCompile>
    <ClCompile Include="sl\Library\SmartPointer\PtrSharedInfo\PtrSharedInfoBase.cpp">
      <Filter>sl\Library\SmartPointer\PtrSharedInfo</Filter>
    </ClCompile>
  </ItemGroup>
  <ItemGroup>
    <None Include="sl\Library\SmartPointer\UniquePtr\slUniquePtr_private.inl">
      <Filter>sl\Library\SmartPointer\UniquePtr</Filter>
    </None>
    <None Include="sl\Library\SmartPointer\PtrBase\slPtrBase_private.inl">
      <Filter>sl\Library\SmartPointer\PtrBase</Filter>
    </None>
    <None Include="sl\Library\SmartPointer\SharedPtr\slSharedPtr_private.inl">
      <Filter>sl\Library\SmartPointer\SharedPtr</Filter>
    </None>
    <None Include="sl\Library\SmartPointer\WeakPtr\slWeakPtr_private.inl">
      <Filter>sl\Library\SmartPointer\WeakPtr</Filter>
    </None>
  </ItemGroup>
</Project>